annotated-types==0.7.0
anyio==4.12.1
certifi==2026.1.4
charset-normalizer==3.4.4
fal-client==0.12.0
h11==0.16.0
httpcore==1.0.9
httpx==0.28.1
httpx-sse==0.4.3
idna==3.11
inferencesh==0.6.9
msgpack==1.1.2
ninja==1.13.0
packaging==26.0
pydantic==2.12.5
pydantic-core==2.41.5
requests==2.32.5
setuptools==80.10.2
setuptools-scm==9.2.2
tqdm==4.67.1
typing-extensions==4.15.0
typing-inspection==0.4.2
urllib3==2.6.3
websockets==16.0
