accelerate==1.10.0
annotated-types==0.7.0
certifi==2025.8.3
charset-normalizer==3.4.2
diffusers @ git+https://github.com/linoytsaban/diffusers.git@daaa598eac17d39b93075c239d0bdd8e652a2bf4
einops==0.8.1
filelock==3.18.0
flash-attn @ https://github.com/mjun0812/flash-attention-prebuild-wheels/releases/download/v0.3.12/flash_attn-2.8.0+cu128torch2.7-cp312-cp312-linux_x86_64.whl
fsspec==2025.7.0
ftfy==6.3.1
gguf==0.17.1
hf-transfer==0.1.9
hf-xet==1.1.7
huggingface-hub==0.34.4
idna==3.10
imageio==2.37.0
imageio-ffmpeg==0.6.0
importlib-metadata==8.7.0
inferencesh==0.2.7
jinja2==3.1.6
markupsafe==3.0.2
mpmath==1.3.0
networkx==3.5
ninja==1.11.1.4
numpy==1.26.4
nvidia-cublas-cu12==12.6.4.1
nvidia-cuda-cupti-cu12==12.6.80
nvidia-cuda-nvrtc-cu12==12.6.77
nvidia-cuda-runtime-cu12==12.6.77
nvidia-cudnn-cu12==9.5.1.17
nvidia-cufft-cu12==11.3.0.4
nvidia-cufile-cu12==1.11.1.6
nvidia-curand-cu12==10.3.7.77
nvidia-cusolver-cu12==11.7.1.2
nvidia-cusparse-cu12==12.5.4.2
nvidia-cusparselt-cu12==0.6.3
nvidia-nccl-cu12==2.26.2
nvidia-nvjitlink-cu12==12.6.85
nvidia-nvtx-cu12==12.6.77
packaging==25.0
peft==0.17.0
pillow==11.3.0
psutil==7.0.0
pydantic==2.10.6
pydantic-core==2.27.2
pyyaml==6.0.2
regex==2025.7.34
requests==2.32.4
safetensors==0.6.2
setuptools==80.9.0
setuptools-scm==8.3.1
sympy==1.14.0
tokenizers==0.21.4
torch==2.7.1
torchaudio==2.7.1
torchvision==0.22.1
tqdm==4.67.1
transformers @ git+https://github.com/huggingface/transformers.git@a96cccd0dd139ab7ff29d955a21655379d19d0a0
triton==3.3.1
typing-extensions==4.14.1
urllib3==2.5.0
wcwidth==0.2.13
zipp==3.23.0
