certifi==2026.6.17
cffi==2.1.0
charset-normalizer==3.4.9
cryptography==49.0.0
google-api-core==2.31.0
google-api-python-client==2.198.0
google-auth==2.55.2
google-auth-httplib2==0.4.0
googleapis-common-protos==1.75.0
httplib2==0.32.0
idna==3.18
ninja==1.13.0
packaging==26.2
proto-plus==1.28.1
protobuf==7.35.1
pyasn1==0.6.4
pyasn1-modules==0.4.2
pycparser==3.0
pyparsing==3.3.2
requests==2.34.2
setuptools==83.0.0
setuptools-scm==10.2.0
uritemplate==4.2.0
urllib3==2.7.0
vcs-versioning==2.2.2
