annotated-types==0.7.0
certifi==2026.2.25
charset-normalizer==3.4.7
decorator==5.2.1
idna==3.11
imageio==2.37.3
imageio-ffmpeg==0.6.0
inferencesh==0.6.31
moviepy==2.1.2
ninja==1.13.0
numpy==2.4.4
packaging==26.0
pillow==10.4.0
proglog==0.1.12
pydantic==2.12.5
pydantic-core==2.41.5
python-dotenv==1.2.2
requests==2.33.1
setuptools==82.0.1
setuptools-scm==10.0.5
tqdm==4.67.3
typing-extensions==4.15.0
typing-inspection==0.4.2
urllib3==2.6.3
vcs-versioning==1.1.1
