annotated-types==0.7.0
certifi==2026.1.4
charset-normalizer==3.4.4
idna==3.11
inferencesh==0.6.9
ninja==1.13.0
oauthlib==3.3.1
packaging==26.0
pillow==12.1.0
pydantic==2.12.5
pydantic-core==2.41.5
requests==2.32.5
requests-oauthlib==2.0.0
setuptools==80.10.2
setuptools-scm==9.2.2
tqdm==4.67.1
typing-extensions==4.15.0
typing-inspection==0.4.2
urllib3==2.6.3
xdk==0.5.0
